
Microsoft Visual Studio Solution File, Format Version 12.00
# Visual Studio Version 17
VisualStudioVersion = 17.5.33516.290
MinimumVisualStudioVersion = 10.0.40219.1
Project("{FAE04EC0-301F-11D3-BF4B-00C04F79EFBC}") = "Exos_Structure", "Exos_Structure\Exos_Structure.csproj", "{7E64D9A4-C755-4411-B9CC-3CAF032E6EC5}"
EndProject
Global
	GlobalSection(SolutionConfigurationPlatforms) = preSolution
		Debug|Any CPU = Debug|Any CPU
		Release|Any CPU = Release|Any CPU
	EndGlobalSection
	GlobalSection(ProjectConfigurationPlatforms) = postSolution
		{7E64D9A4-C755-4411-B9CC-3CAF032E6EC5}.Debug|Any CPU.ActiveCfg = Debug|Any CPU
		{7E64D9A4-C755-4411-B9CC-3CAF032E6EC5}.Debug|Any CPU.Build.0 = Debug|Any CPU
		{7E64D9A4-C755-4411-B9CC-3CAF032E6EC5}.Release|Any CPU.ActiveCfg = Release|Any CPU
		{7E64D9A4-C755-4411-B9CC-3CAF032E6EC5}.Release|Any CPU.Build.0 = Release|Any CPU
	EndGlobalSection
	GlobalSection(SolutionProperties) = preSolution
		HideSolutionNode = FALSE
	EndGlobalSection
	GlobalSection(ExtensibilityGlobals) = postSolution
		SolutionGuid = {465447C3-6202-49ED-8AAB-D34B92D57B2F}
	EndGlobalSection
EndGlobal
